
Microsoft Visual Studio Solution File, Format Version 12.00
# Visual Studio Version 17
VisualStudioVersion = 17.6.33829.357
MinimumVisualStudioVersion = 10.0.40219.1
Project("{FAE04EC0-301F-11D3-BF4B-00C04F79EFBC}") = "StudentsMinimalApi", "StudentsMinimalApi\StudentsMinimalApi.csproj", "{BACFE04D-593E-4A5E-B7C3-BD2274F45116}"
EndProject
Global
	GlobalSection(SolutionConfigurationPlatforms) = preSolution
		Debug|Any CPU = Debug|Any CPU
		Release|Any CPU = Release|Any CPU
	EndGlobalSection
	GlobalSection(ProjectConfigurationPlatforms) = postSolution
		{BACFE04D-593E-4A5E-B7C3-BD2274F45116}.Debug|Any CPU.ActiveCfg = Debug|Any CPU
		{BACFE04D-593E-4A5E-B7C3-BD2274F45116}.Debug|Any CPU.Build.0 = Debug|Any CPU
		{BACFE04D-593E-4A5E-B7C3-BD2274F45116}.Release|Any CPU.ActiveCfg = Release|Any CPU
		{BACFE04D-593E-4A5E-B7C3-BD2274F45116}.Release|Any CPU.Build.0 = Release|Any CPU
	EndGlobalSection
	GlobalSection(SolutionProperties) = preSolution
		HideSolutionNode = FALSE
	EndGlobalSection
	GlobalSection(ExtensibilityGlobals) = postSolution
		SolutionGuid = {65AB0D1F-12C4-4E75-9D36-31F1EF2C3F66}
	EndGlobalSection
EndGlobal
